
Microsoft Visual Studio Solution File, Format Version 12.00
# Visual Studio Version 17
VisualStudioVersion = 17.3.32901.215
MinimumVisualStudioVersion = 10.0.40219.1
Project("{F184B08F-C81C-45F6-A57F-5ABD9991F28F}") = "Charts_BarChart", "Charts_BarChart\Charts_BarChart.vbproj", "{B2D3E9DB-2A45-414B-B1A6-58E332B19060}"
EndProject
Global
	GlobalSection(SolutionConfigurationPlatforms) = preSolution
		Debug|Any CPU = Debug|Any CPU
		Release|Any CPU = Release|Any CPU
	EndGlobalSection
	GlobalSection(ProjectConfigurationPlatforms) = postSolution
		{B2D3E9DB-2A45-414B-B1A6-58E332B19060}.Debug|Any CPU.ActiveCfg = Debug|Any CPU
		{B2D3E9DB-2A45-414B-B1A6-58E332B19060}.Debug|Any CPU.Build.0 = Debug|Any CPU
		{B2D3E9DB-2A45-414B-B1A6-58E332B19060}.Release|Any CPU.ActiveCfg = Release|Any CPU
		{B2D3E9DB-2A45-414B-B1A6-58E332B19060}.Release|Any CPU.Build.0 = Release|Any CPU
	EndGlobalSection
	GlobalSection(SolutionProperties) = preSolution
		HideSolutionNode = FALSE
	EndGlobalSection
	GlobalSection(ExtensibilityGlobals) = postSolution
		SolutionGuid = {3AEEA706-FDF9-4FAE-B3A2-B75852596E8C}
	EndGlobalSection
EndGlobal
